Microsoft Visual Studio Solution File, Format Version 11.00
# Visual Studio 2008

Project("{17A2ADD2-588A-94BD-46DE-F24F98818CAD}") = "LabyrinthUnityClient", "Assembly-CSharp-firstpass.csproj", "{E27D0B98-9346-EF49-A1F6-2FB285413758}"
EndProject
Project("{17A2ADD2-588A-94BD-46DE-F24F98818CAD}") = "LabyrinthUnityClient", "Assembly-CSharp.csproj", "{D12A4CCB-B46F-D9E9-B1E1-F18B63D33268}"
EndProject
Project("{17A2ADD2-588A-94BD-46DE-F24F98818CAD}") = "LabyrinthUnityClient", "Assembly-CSharp-Editor.csproj", "{9514D6E7-D4A1-0E3A-C103-477563585E8A}"
EndProject
Global
	GlobalSection(SolutionConfigurationPlatforms) = preSolution
		Debug|Any CPU = Debug|Any CPU
		Release|Any CPU = Release|Any CPU
	EndGlobalSection
	GlobalSection(ProjectConfigurationPlatforms) = postSolution
		{E27D0B98-9346-EF49-A1F6-2FB285413758}.Debug|Any CPU.ActiveCfg = Debug|Any CPU
		{E27D0B98-9346-EF49-A1F6-2FB285413758}.Debug|Any CPU.Build.0 = Debug|Any CPU
		{E27D0B98-9346-EF49-A1F6-2FB285413758}.Release|Any CPU.ActiveCfg = Release|Any CPU
		{E27D0B98-9346-EF49-A1F6-2FB285413758}.Release|Any CPU.Build.0 = Release|Any CPU
		{D12A4CCB-B46F-D9E9-B1E1-F18B63D33268}.Debug|Any CPU.ActiveCfg = Debug|Any CPU
		{D12A4CCB-B46F-D9E9-B1E1-F18B63D33268}.Debug|Any CPU.Build.0 = Debug|Any CPU
		{D12A4CCB-B46F-D9E9-B1E1-F18B63D33268}.Release|Any CPU.ActiveCfg = Release|Any CPU
		{D12A4CCB-B46F-D9E9-B1E1-F18B63D33268}.Release|Any CPU.Build.0 = Release|Any CPU
		{9514D6E7-D4A1-0E3A-C103-477563585E8A}.Debug|Any CPU.ActiveCfg = Debug|Any CPU
		{9514D6E7-D4A1-0E3A-C103-477563585E8A}.Debug|Any CPU.Build.0 = Debug|Any CPU
		{9514D6E7-D4A1-0E3A-C103-477563585E8A}.Release|Any CPU.ActiveCfg = Release|Any CPU
		{9514D6E7-D4A1-0E3A-C103-477563585E8A}.Release|Any CPU.Build.0 = Release|Any CPU
	EndGlobalSection
	GlobalSection(SolutionProperties) = preSolution
		HideSolutionNode = FALSE
	EndGlobalSection
					GlobalSection(MonoDevelopProperties) = preSolution
		StartupItem = Assembly-CSharp.csproj
		Policies = $0
		$0.TextStylePolicy = $1
		$1.inheritsSet = null
		$1.scope = text/x-csharp
		$0.CSharpFormattingPolicy = $2
		$2.inheritsSet = Mono
		$2.inheritsScope = text/x-csharp
		$2.scope = text/x-csharp
		$0.TextStylePolicy = $3
		$3.FileWidth = 120
		$3.TabWidth = 4
		$3.IndentWidth = 4
		$3.EolMarker = Unix
		$3.inheritsSet = Mono
		$3.inheritsScope = text/plain
		$3.scope = text/plain
	EndGlobalSection

EndGlobal
